// !$*UTF8*$!
{
	archiveVersion = 1;
	classes = {
	};
	objectVersion = 50;
	objects = {

/* Begin PBXBuildFile section */
		5470A486230D6D18006EBE4E /* AppDelegate.swift in Sources */ = {isa = PBXBuildFile; fileRef = 5470A485230D6D18006EBE4E /* AppDelegate.swift */; };
		5470A488230D6D18006EBE4E /* art.scnassets in Resources */ = {isa = PBXBuildFile; fileRef = 5470A487230D6D18006EBE4E /* art.scnassets */; };
		5470A48A230D6D18006EBE4E /* ViewController.swift in Sources */ = {isa = PBXBuildFile; fileRef = 5470A489230D6D18006EBE4E /* ViewController.swift */; };
		5470A48D230D6D18006EBE4E /* Main.storyboard in Resources */ = {isa = PBXBuildFile; fileRef = 5470A48B230D6D18006EBE4E /* Main.storyboard */; };
		5470A48F230D6D19006EBE4E /* Assets.xcassets in Resources */ = {isa = PBXBuildFile; fileRef = 5470A48E230D6D19006EBE4E /* Assets.xcassets */; };
		5470A492230D6D19006EBE4E /* LaunchScreen.storyboard in Resources */ = {isa = PBXBuildFile; fileRef = 5470A490230D6D19006EBE4E /* LaunchScreen.storyboard */; };
		5470A49A230D6DB9006EBE4E /* harrypotter.mp4 in Resources */ = {isa = PBXBuildFile; fileRef = 5470A499230D6DB9006EBE4E /* harrypotter.mp4 */; };
/* End PBXBuildFile section */

/* Begin PBXFileReference section */
		5470A482230D6D18006EBE4E /* MagicPaper.app */ = {isa = PBXFileReference; explicitFileType = wrapper.application; includeInIndex = 0; path = MagicPaper.app; sourceTree = BUILT_PRODUCTS_DIR; };
		5470A485230D6D18006EBE4E /* AppDelegate.swift */ = {isa = PBXFileReference; lastKnownFileType = sourcecode.swift; path = AppDelegate.swift; sourceTree = "<group>"; };
		5470A487230D6D18006EBE4E /* art.scnassets */ = {isa = PBXFileReference; lastKnownFileType = wrapper.scnassets; path = art.scnassets; sourceTree = "<group>"; };
		5470A489230D6D18006EBE4E /* ViewController.swift */ = {isa = PBXFileReference; lastKnownFileType = sourcecode.swift; path = ViewController.swift; sourceTree = "<group>"; };
		5470A48C230D6D18006EBE4E /* Base */ = {isa = PBXFileReference; lastKnownFileType = file.storyboard; name = Base; path = Base.lproj/Main.storyboard; sourceTree = "<group>"; };
		5470A48E230D6D19006EBE4E /* Assets.xcassets */ = {isa = PBXFileReference; lastKnownFileType = folder.assetcatalog; path = Assets.xcassets; sourceTree = "<group>"; };
		5470A491230D6D19006EBE4E /* Base */ = {isa = PBXFileReference; lastKnownFileType = file.storyboard; name = Base; path = Base.lproj/LaunchScreen.storyboard; sourceTree = "<group>"; };
		5470A493230D6D19006EBE4E /* Info.plist */ = {isa = PBXFileReference; lastKnownFileType = text.plist.xml; path = Info.plist; sourceTree = "<group>"; };
		5470A499230D6DB9006EBE4E /* harrypotter.mp4 */ = {isa = PBXFileReference; lastKnownFileType = file; name = harrypotter.mp4; path = ../../../../../../harrypotter.mp4; sourceTree = "<group>"; };
/* End PBXFileReference section */

/* Begin PBXFrameworksBuildPhase section */
		5470A47F230D6D18006EBE4E /* Frameworks */ = {
			isa = PBXFrameworksBuildPhase;
			buildActionMask = 2147483647;
			files = (
			);
			runOnlyForDeploymentPostprocessing = 0;
		};
/* End PBXFrameworksBuildPhase section */

/* Begin PBXGroup section */
		5470A479230D6D18006EBE4E = {
			isa = PBXGroup;
			children = (
				5470A484230D6D18006EBE4E /* MagicPaper */,
				5470A483230D6D18006EBE4E /* Products */,
			);
			sourceTree = "<group>";
		};
		5470A483230D6D18006EBE4E /* Products */ = {
			isa = PBXGroup;
			children = (
				5470A482230D6D18006EBE4E /* MagicPaper.app */,
			);
			name = Products;
			sourceTree = "<group>";
		};
		5470A484230D6D18006EBE4E /* MagicPaper */ = {
			isa = PBXGroup;
			children = (
				5470A499230D6DB9006EBE4E /* harrypotter.mp4 */,
				5470A485230D6D18006EBE4E /* AppDelegate.swift */,
				5470A487230D6D18006EBE4E /* art.scnassets */,
				5470A489230D6D18006EBE4E /* ViewController.swift */,
				5470A48B230D6D18006EBE4E /* Main.storyboard */,
				5470A48E230D6D19006EBE4E /* Assets.xcassets */,
				5470A490230D6D19006EBE4E /* LaunchScreen.storyboard */,
				5470A493230D6D19006EBE4E /* Info.plist */,
			);
			path = MagicPaper;
			sourceTree = "<group>";
		};
/* End PBXGroup section */

/* Begin PBXNativeTarget section */
		5470A481230D6D18006EBE4E /* MagicPaper */ = {
			isa = PBXNativeTarget;
			buildConfigurationList = 5470A496230D6D19006EBE4E /* Build configuration list for PBXNativeTarget "MagicPaper" */;
			buildPhases = (
				5470A47E230D6D18006EBE4E /* Sources */,
				5470A47F230D6D18006EBE4E /* Frameworks */,
				5470A480230D6D18006EBE4E /* Resources */,
			);
			buildRules = (
			);
			dependencies = (
			);
			name = MagicPaper;
			productName = MagicPaper;
			productReference = 5470A482230D6D18006EBE4E /* MagicPaper.app */;
			productType = "com.apple.product-type.application";
		};
/* End PBXNativeTarget section */

/* Begin PBXProject section */
		5470A47A230D6D18006EBE4E /* Project object */ = {
			isa = PBXProject;
			attributes = {
				LastSwiftUpdateCheck = 1030;
				LastUpgradeCheck = 1030;
				ORGANIZATIONNAME = "Ivan Ferkalyuk";
				TargetAttributes = {
					5470A481230D6D18006EBE4E = {
						CreatedOnToolsVersion = 10.3;
					};
				};
			};
			buildConfigurationList = 5470A47D230D6D18006EBE4E /* Build configuration list for PBXProject "MagicPaper" */;
			compatibilityVersion = "Xcode 9.3";
			developmentRegion = en;
			hasScannedForEncodings = 0;
			knownRegions = (
				en,
				Base,
			);
			mainGroup = 5470A479230D6D18006EBE4E;
			productRefGroup = 5470A483230D6D18006EBE4E /* Products */;
			projectDirPath = "";
			projectRoot = "";
			targets = (
				5470A481230D6D18006EBE4E /* MagicPaper */,
			);
		};
/* End PBXProject section */

/* Begin PBXResourcesBuildPhase section */
		5470A480230D6D18006EBE4E /* Resources */ = {
			isa = PBXResourcesBuildPhase;
			buildActionMask = 2147483647;
			files = (
				5470A488230D6D18006EBE4E /* art.scnassets in Resources */,
				5470A492230D6D19006EBE4E /* LaunchScreen.storyboard in Resources */,
				5470A49A230D6DB9006EBE4E /* harrypotter.mp4 in Resources */,
				5470A48F230D6D19006EBE4E /* Assets.xcassets in Resources */,
				5470A48D230D6D18006EBE4E /* Main.storyboard in Resources */,
			);
			runOnlyForDeploymentPostprocessing = 0;
		};
/* End PBXResourcesBuildPhase section */

/* Begin PBXSourcesBuildPhase section */
		5470A47E230D6D18006EBE4E /* Sources */ = {
			isa = PBXSourcesBuildPhase;
			buildActionMask = 2147483647;
			files = (
				5470A48A230D6D18006EBE4E /* ViewController.swift in Sources */,
				5470A486230D6D18006EBE4E /* AppDelegate.swift in Sources */,
			);
			runOnlyForDeploymentPostprocessing = 0;
		};
/* End PBXSourcesBuildPhase section */

/* Begin PBXVariantGroup section */
		5470A48B230D6D18006EBE4E /* Main.storyboard */ = {
			isa = PBXVariantGroup;
			children = (
				5470A48C230D6D18006EBE4E /* Base */,
			);
			name = Main.storyboard;
			sourceTree = "<group>";
		};
		5470A490230D6D19006EBE4E /* LaunchScreen.storyboard */ = {
			isa = PBXVariantGroup;
			children = (
				5470A491230D6D19006EBE4E /* Base */,
			);
			name = LaunchScreen.storyboard;
			sourceTree = "<group>";
		};
/* End PBXVariantGroup section */

/* Begin XCBuildConfiguration section */
		5470A494230D6D19006EBE4E /* Debug */ = {
			isa = XCBuildConfiguration;
			buildSettings = {
				ALWAYS_SEARCH_USER_PATHS = NO;
				CLANG_ANALYZER_NONNULL = YES;
				CLANG_ANALYZER_NUMBER_OBJECT_CONVERSION = YES_AGGRESSIVE;
				CLANG_CXX_LANGUAGE_STANDARD = "gnu++14";
				CLANG_CXX_LIBRARY = "libc++";
				CLANG_ENABLE_MODULES = YES;
				CLANG_ENABLE_OBJC_ARC = YES;
				CLANG_ENABLE_OBJC_WEAK = YES;
				CLANG_WARN_BLOCK_CAPTURE_AUTORELEASING = YES;
				CLANG_WARN_BOOL_CONVERSION = YES;
				CLANG_WARN_COMMA = YES;
				CLANG_WARN_CONSTANT_CONVERSION = YES;
				CLANG_WARN_DEPRECATED_OBJC_IMPLEMENTATIONS = YES;
				CLANG_WARN_DIRECT_OBJC_ISA_USAGE = YES_ERROR;
				CLANG_WARN_DOCUMENTATION_COMMENTS = YES;
				CLANG_WARN_EMPTY_BODY = YES;
				CLANG_WARN_ENUM_CONVERSION = YES;
				CLANG_WARN_INFINITE_RECURSION = YES;
				CLANG_WARN_INT_CONVERSION = YES;
				CLANG_WARN_NON_LITERAL_NULL_CONVERSION = YES;
				CLANG_WARN_OBJC_IMPLICIT_RETAIN_SELF = YES;
				CLANG_WARN_OBJC_LITERAL_CONVERSION = YES;
				CLANG_WARN_OBJC_ROOT_CLASS = YES_ERROR;
				CLANG_WARN_RANGE_LOOP_ANALYSIS = YES;
				CLANG_WARN_STRICT_PROTOTYPES = YES;
				CLANG_WARN_SUSPICIOUS_MOVE = YES;
				CLANG_WARN_UNGUARDED_AVAILABILITY = YES_AGGRESSIVE;
				CLANG_WARN_UNREACHABLE_CODE = YES;
				CLANG_WARN__DUPLICATE_METHOD_MATCH = YES;
				CODE_SIGN_IDENTITY = "iPhone Developer";
				COPY_PHASE_STRIP = NO;
				DEBUG_INFORMATION_FORMAT = dwarf;
				ENABLE_STRICT_OBJC_MSGSEND = YES;
				ENABLE_TESTABILITY = YES;
				GCC_C_LANGUAGE_STANDARD = gnu11;
				GCC_DYNAMIC_NO_PIC = NO;
				GCC_NO_COMMON_BLOCKS = YES;
				GCC_OPTIMIZATION_LEVEL = 0;
				GCC_PREPROCESSOR_DEFINITIONS = (
					"DEBUG=1",
					"$(inherited)",
				);
				GCC_WARN_64_TO_32_BIT_CONVERSION = YES;
				GCC_WARN_ABOUT_RETURN_TYPE = YES_ERROR;
				GCC_WARN_UNDECLARED_SELECTOR = YES;
				GCC_WARN_UNINITIALIZED_AUTOS = YES_AGGRESSIVE;
				GCC_WARN_UNUSED_FUNCTION = YES;
				GCC_WARN_UNUSED_VARIABLE = YES;
				IPHONEOS_DEPLOYMENT_TARGET = 12.4;
				MTL_ENABLE_DEBUG_INFO = INCLUDE_SOURCE;
				MTL_FAST_MATH = YES;
				ONLY_ACTIVE_ARCH = YES;
				SDKROOT = iphoneos;
				SWIFT_ACTIVE_COMPILATION_CONDITIONS = DEBUG;
				SWIFT_OPTIMIZATION_LEVEL = "-Onone";
			};
			name = Debug;
		};
		5470A495230D6D19006EBE4E /* Release */ = {
			isa = XCBuildConfiguration;
			buildSettings = {
				ALWAYS_SEARCH_USER_PATHS = NO;
				CLANG_ANALYZER_NONNULL = YES;
				CLANG_ANALYZER_NUMBER_OBJECT_CONVERSION = YES_AGGRESSIVE;
				CLANG_CXX_LANGUAGE_STANDARD = "gnu++14";
				CLANG_CXX_LIBRARY = "libc++";
				CLANG_ENABLE_MODULES = YES;
				CLANG_ENABLE_OBJC_ARC = YES;
				CLANG_ENABLE_OBJC_WEAK = YES;
				CLANG_WARN_BLOCK_CAPTURE_AUTORELEASING = YES;
				CLANG_WARN_BOOL_CONVERSION = YES;
				CLANG_WARN_COMMA = YES;
				CLANG_WARN_CONSTANT_CONVERSION = YES;
				CLANG_WARN_DEPRECATED_OBJC_IMPLEMENTATIONS = YES;
				CLANG_WARN_DIRECT_OBJC_ISA_USAGE = YES_ERROR;
				CLANG_WARN_DOCUMENTATION_COMMENTS = YES;
				CLANG_WARN_EMPTY_BODY = YES;
				CLANG_WARN_ENUM_CONVERSION = YES;
				CLANG_WARN_INFINITE_RECURSION = YES;
				CLANG_WARN_INT_CONVERSION = YES;
				CLANG_WARN_NON_LITERAL_NULL_CONVERSION = YES;
				CLANG_WARN_OBJC_IMPLICIT_RETAIN_SELF = YES;
				CLANG_WARN_OBJC_LITERAL_CONVERSION = YES;
				CLANG_WARN_OBJC_ROOT_CLASS = YES_ERROR;
				CLANG_WARN_RANGE_LOOP_ANALYSIS = YES;
				CLANG_WARN_STRICT_PROTOTYPES = YES;
				CLANG_WARN_SUSPICIOUS_MOVE = YES;
				CLANG_WARN_UNGUARDED_AVAILABILITY = YES_AGGRESSIVE;
				CLANG_WARN_UNREACHABLE_CODE = YES;
				CLANG_WARN__DUPLICATE_METHOD_MATCH = YES;
				CODE_SIGN_IDENTITY = "iPhone Developer";
				COPY_PHASE_STRIP = NO;
				DEBUG_INFORMATION_FORMAT = "dwarf-with-dsym";
				ENABLE_NS_ASSERTIONS = NO;
				ENABLE_STRICT_OBJC_MSGSEND = YES;
				GCC_C_LANGUAGE_STANDARD = gnu11;
				GCC_NO_COMMON_BLOCKS = YES;
				GCC_WARN_64_TO_32_BIT_CONVERSION = YES;
				GCC_WARN_ABOUT_RETURN_TYPE = YES_ERROR;
				GCC_WARN_UNDECLARED_SELECTOR = YES;
				GCC_WARN_UNINITIALIZED_AUTOS = YES_AGGRESSIVE;
				GCC_WARN_UNUSED_FUNCTION = YES;
				GCC_WARN_UNUSED_VARIABLE = YES;
				IPHONEOS_DEPLOYMENT_TARGET = 12.4;
				MTL_ENABLE_DEBUG_INFO = NO;
				MTL_FAST_MATH = YES;
				SDKROOT = iphoneos;
				SWIFT_COMPILATION_MODE = wholemodule;
				SWIFT_OPTIMIZATION_LEVEL = "-O";
				VALIDATE_PRODUCT = YES;
			};
			name = Release;
		};
		5470A497230D6D19006EBE4E /* Debug */ = {
			isa = XCBuildConfiguration;
			buildSettings = {
				ASSETCATALOG_COMPILER_APPICON_NAME = AppIcon;
				CODE_SIGN_STYLE = Automatic;
				DEVELOPMENT_TEAM = XPC9KDYYKL;
				INFOPLIST_FILE = MagicPaper/Info.plist;
				LD_RUNPATH_SEARCH_PATHS = (
					"$(inherited)",
					"@executable_path/Frameworks",
				);
				PRODUCT_BUNDLE_IDENTIFIER = com.ivanferkalyuk.MagicPaper;
				PRODUCT_NAME = "$(TARGET_NAME)";
				SWIFT_VERSION = 5.0;
				TARGETED_DEVICE_FAMILY = "1,2";
			};
			name = Debug;
		};
		5470A498230D6D19006EBE4E /* Release */ = {
			isa = XCBuildConfiguration;
			buildSettings = {
				ASSETCATALOG_COMPILER_APPICON_NAME = AppIcon;
				CODE_SIGN_STYLE = Automatic;
				DEVELOPMENT_TEAM = XPC9KDYYKL;
				INFOPLIST_FILE = MagicPaper/Info.plist;
				LD_RUNPATH_SEARCH_PATHS = (
					"$(inherited)",
					"@executable_path/Frameworks",
				);
				PRODUCT_BUNDLE_IDENTIFIER = com.ivanferkalyuk.MagicPaper;
				PRODUCT_NAME = "$(TARGET_NAME)";
				SWIFT_VERSION = 5.0;
				TARGETED_DEVICE_FAMILY = "1,2";
			};
			name = Release;
		};
/* End XCBuildConfiguration section */

/* Begin XCConfigurationList section */
		5470A47D230D6D18006EBE4E /* Build configuration list for PBXProject "MagicPaper" */ = {
			isa = XCConfigurationList;
			buildConfigurations = (
				5470A494230D6D19006EBE4E /* Debug */,
				5470A495230D6D19006EBE4E /* Release */,
			);
			defaultConfigurationIsVisible = 0;
			defaultConfigurationName = Release;
		};
		5470A496230D6D19006EBE4E /* Build configuration list for PBXNativeTarget "MagicPaper" */ = {
			isa = XCConfigurationList;
			buildConfigurations = (
				5470A497230D6D19006EBE4E /* Debug */,
				5470A498230D6D19006EBE4E /* Release */,
			);
			defaultConfigurationIsVisible = 0;
			defaultConfigurationName = Release;
		};
/* End XCConfigurationList section */
	};
	rootObject = 5470A47A230D6D18006EBE4E /* Project object */;
}
